
Microsoft Visual Studio Solution File, Format Version 12.00
# Visual Studio 2013
VisualStudioVersion = 12.0.40629.0
MinimumVisualStudioVersion = 10.0.40219.1
Project("{FAE04EC0-301F-11D3-BF4B-00C04F79EFBC}") = "DinersClubOnline.Api", "DinersClubOnline.Api\DinersClubOnline.Api.csproj", "{66CCF9E0-A8E9-4F48-A9DB-215D4DCFA457}"
EndProject
Project("{FAE04EC0-301F-11D3-BF4B-00C04F79EFBC}") = "DinersClubOnline.Model", "DinersClubOnline.Model\DinersClubOnline.Model.csproj", "{AAB4F8B0-FD59-497C-8975-023B5AA744FF}"
EndProject
Project("{FAE04EC0-301F-11D3-BF4B-00C04F79EFBC}") = "DinersClubOnline.Repositories", "DinersClubOnline.Repositories\DinersClubOnline.Repositories.csproj", "{9D4EE0AF-316D-4E28-BFB9-7E9D10566AB2}"
EndProject
Project("{2150E333-8FDC-42A3-9474-1A3956D46DE8}") = "2 Api", "2 Api", "{26D6C647-3E0F-4599-822F-DE6552C6F91F}"
EndProject
Project("{FAE04EC0-301F-11D3-BF4B-00C04F79EFBC}") = "DinersClubOnline.Auth", "DinersClubOnline.Auth\DinersClubOnline.Auth.csproj", "{116B41FD-FFBB-479E-B3F7-B42924A78EF7}"
EndProject
Project("{FAE04EC0-301F-11D3-BF4B-00C04F79EFBC}") = "DinersClubOnline.Resolver", "DinersClubOnline.Resolver\DinersClubOnline.Resolver.csproj", "{853F8A99-52CA-4AAC-A551-02C5EB777684}"
EndProject
Project("{2150E333-8FDC-42A3-9474-1A3956D46DE8}") = "1 Auth", "1 Auth", "{4C9D536C-135D-4CCF-ACC0-91D54C17D328}"
EndProject
Project("{FAE04EC0-301F-11D3-BF4B-00C04F79EFBC}") = "DinersClubOnline.Auth.Resolver", "DinersClubOnline.Auth.Resolver\DinersClubOnline.Auth.Resolver.csproj", "{38E968A4-0C97-41BE-A261-3B217EC2C39D}"
EndProject
Project("{2150E333-8FDC-42A3-9474-1A3956D46DE8}") = "5 Data", "5 Data", "{C1E4B71D-52F5-4681-AAEA-4AC8B91760DC}"
EndProject
Project("{2150E333-8FDC-42A3-9474-1A3956D46DE8}") = "5.1 Services", "5.1 Services", "{3581C245-A849-4A62-86F7-B51BAD6E0960}"
EndProject
Project("{2150E333-8FDC-42A3-9474-1A3956D46DE8}") = "Solution Items", "Solution Items", "{385FBCCB-4350-46C8-8B5C-4E4765411D94}"
	ProjectSection(SolutionItems) = preProject
		build.ps1 = build.ps1
		Dictionary.xml = Dictionary.xml
	EndProjectSection
EndProject
Project("{FAE04EC0-301F-11D3-BF4B-00C04F79EFBC}") = "DinersClubOnline.Services.Client", "DinersClubOnline.Services.Client\DinersClubOnline.Services.Client.csproj", "{AAE024A4-282F-45A2-9508-661C68BBDE0A}"
EndProject
Project("{FAE04EC0-301F-11D3-BF4B-00C04F79EFBC}") = "DinersClubOnline.FakeRepositories", "DinersClubOnline.FakeRepositories\DinersClubOnline.FakeRepositories.csproj", "{D8B4ED5B-F8D4-4552-A88E-86EE24657DD7}"
EndProject
Project("{2150E333-8FDC-42A3-9474-1A3956D46DE8}") = "3 Model", "3 Model", "{9126ABC0-3B44-4620-90A5-FA907D3D7FDA}"
EndProject
Project("{2150E333-8FDC-42A3-9474-1A3956D46DE8}") = "4 Repositories", "4 Repositories", "{E27611A4-96BF-40F6-B412-CC973BA920A5}"
EndProject
Project("{FAE04EC0-301F-11D3-BF4B-00C04F79EFBC}") = "DinersClubOnline.Repositories.Tests", "DinersClubOnline.Repositories.Tests\DinersClubOnline.Repositories.Tests.csproj", "{C0920517-6356-4D25-BCB3-DDB52D8F4FC6}"
EndProject
Project("{FAE04EC0-301F-11D3-BF4B-00C04F79EFBC}") = "DinersClubOnline.Model.Solicitudes", "DinersClubOnline.Model.Solicitudes\DinersClubOnline.Model.Solicitudes.csproj", "{F07A85A5-8D44-4C8C-A45D-97347062BAF8}"
EndProject
Project("{FAE04EC0-301F-11D3-BF4B-00C04F79EFBC}") = "DinersClubOnline.Repositories.Solicitudes", "DinersClubOnline.Repositories.Solicitudes\DinersClubOnline.Repositories.Solicitudes.csproj", "{86A3C247-F967-4EEE-9B9F-78BD1A59AEA6}"
EndProject
Project("{FAE04EC0-301F-11D3-BF4B-00C04F79EFBC}") = "DinersClubOnline.Repositories.Solicitudes.Tests", "DinersClubOnline.Repositories.Solicitudes.Tests\DinersClubOnline.Repositories.Solicitudes.Tests.csproj", "{BDB6BCF8-E97A-433A-9D7F-062B378A18E6}"
EndProject
Project("{2150E333-8FDC-42A3-9474-1A3956D46DE8}") = "6 Jobs", "6 Jobs", "{ACC3F0FD-4787-4E96-87B1-624247360538}"
EndProject
Project("{FAE04EC0-301F-11D3-BF4B-00C04F79EFBC}") = "DinersClubOnline.Jobs", "DinersClubOnline.Jobs\DinersClubOnline.Jobs.csproj", "{AD324B03-D929-4FDA-9247-B9CD1214D6F3}"
EndProject
Project("{2150E333-8FDC-42A3-9474-1A3956D46DE8}") = "7 Mail", "7 Mail", "{24AC7A68-D5E9-418D-929A-57001C90E8E8}"
EndProject
Project("{FAE04EC0-301F-11D3-BF4B-00C04F79EFBC}") = "DinersClubOnline.Mail", "DinersClubOnline.Mail\DinersClubOnline.Mail.csproj", "{061C5F74-8AFB-4DBD-A4D7-76FE785A504C}"
EndProject
Project("{FAE04EC0-301F-11D3-BF4B-00C04F79EFBC}") = "DinersClubOnline.Model.Campanas", "DinersClubOnline.Model.Campanas\DinersClubOnline.Model.Campanas.csproj", "{D990DB66-A362-4F49-A94B-2ABD99E51B06}"
EndProject
Project("{FAE04EC0-301F-11D3-BF4B-00C04F79EFBC}") = "DinersClubOnline.Repositories.Campanas", "DinersClubOnline.Repositories.Campanas\DinersClubOnline.Repositories.Campanas.csproj", "{F5D2ADA4-E1BF-4F4C-8C14-FDBE786699FD}"
EndProject
Global
	GlobalSection(SolutionConfigurationPlatforms) = preSolution
		Debug|Any CPU = Debug|Any CPU
		Dev|Any CPU = Dev|Any CPU
		Qa|Any CPU = Qa|Any CPU
		Release|Any CPU = Release|Any CPU
		Uat|Any CPU = Uat|Any CPU
	EndGlobalSection
	GlobalSection(ProjectConfigurationPlatforms) = postSolution
		{66CCF9E0-A8E9-4F48-A9DB-215D4DCFA457}.Debug|Any CPU.ActiveCfg = Debug|Any CPU
		{66CCF9E0-A8E9-4F48-A9DB-215D4DCFA457}.Debug|Any CPU.Build.0 = Debug|Any CPU
		{66CCF9E0-A8E9-4F48-A9DB-215D4DCFA457}.Dev|Any CPU.ActiveCfg = Dev|Any CPU
		{66CCF9E0-A8E9-4F48-A9DB-215D4DCFA457}.Dev|Any CPU.Build.0 = Dev|Any CPU
		{66CCF9E0-A8E9-4F48-A9DB-215D4DCFA457}.Qa|Any CPU.ActiveCfg = Qa|Any CPU
		{66CCF9E0-A8E9-4F48-A9DB-215D4DCFA457}.Qa|Any CPU.Build.0 = Qa|Any CPU
		{66CCF9E0-A8E9-4F48-A9DB-215D4DCFA457}.Release|Any CPU.ActiveCfg = Release|Any CPU
		{66CCF9E0-A8E9-4F48-A9DB-215D4DCFA457}.Release|Any CPU.Build.0 = Release|Any CPU
		{66CCF9E0-A8E9-4F48-A9DB-215D4DCFA457}.Uat|Any CPU.ActiveCfg = Uat|Any CPU
		{66CCF9E0-A8E9-4F48-A9DB-215D4DCFA457}.Uat|Any CPU.Build.0 = Uat|Any CPU
		{AAB4F8B0-FD59-497C-8975-023B5AA744FF}.Debug|Any CPU.ActiveCfg = Debug|Any CPU
		{AAB4F8B0-FD59-497C-8975-023B5AA744FF}.Debug|Any CPU.Build.0 = Debug|Any CPU
		{AAB4F8B0-FD59-497C-8975-023B5AA744FF}.Dev|Any CPU.ActiveCfg = Dev|Any CPU
		{AAB4F8B0-FD59-497C-8975-023B5AA744FF}.Dev|Any CPU.Build.0 = Dev|Any CPU
		{AAB4F8B0-FD59-497C-8975-023B5AA744FF}.Qa|Any CPU.ActiveCfg = Qa|Any CPU
		{AAB4F8B0-FD59-497C-8975-023B5AA744FF}.Qa|Any CPU.Build.0 = Qa|Any CPU
		{AAB4F8B0-FD59-497C-8975-023B5AA744FF}.Release|Any CPU.ActiveCfg = Release|Any CPU
		{AAB4F8B0-FD59-497C-8975-023B5AA744FF}.Release|Any CPU.Build.0 = Release|Any CPU
		{AAB4F8B0-FD59-497C-8975-023B5AA744FF}.Uat|Any CPU.ActiveCfg = Uat|Any CPU
		{AAB4F8B0-FD59-497C-8975-023B5AA744FF}.Uat|Any CPU.Build.0 = Uat|Any CPU
		{9D4EE0AF-316D-4E28-BFB9-7E9D10566AB2}.Debug|Any CPU.ActiveCfg = Debug|Any CPU
		{9D4EE0AF-316D-4E28-BFB9-7E9D10566AB2}.Debug|Any CPU.Build.0 = Debug|Any CPU
		{9D4EE0AF-316D-4E28-BFB9-7E9D10566AB2}.Dev|Any CPU.ActiveCfg = Dev|Any CPU
		{9D4EE0AF-316D-4E28-BFB9-7E9D10566AB2}.Dev|Any CPU.Build.0 = Dev|Any CPU
		{9D4EE0AF-316D-4E28-BFB9-7E9D10566AB2}.Qa|Any CPU.ActiveCfg = Qa|Any CPU
		{9D4EE0AF-316D-4E28-BFB9-7E9D10566AB2}.Qa|Any CPU.Build.0 = Qa|Any CPU
		{9D4EE0AF-316D-4E28-BFB9-7E9D10566AB2}.Release|Any CPU.ActiveCfg = Release|Any CPU
		{9D4EE0AF-316D-4E28-BFB9-7E9D10566AB2}.Release|Any CPU.Build.0 = Release|Any CPU
		{9D4EE0AF-316D-4E28-BFB9-7E9D10566AB2}.Uat|Any CPU.ActiveCfg = Uat|Any CPU
		{9D4EE0AF-316D-4E28-BFB9-7E9D10566AB2}.Uat|Any CPU.Build.0 = Uat|Any CPU
		{116B41FD-FFBB-479E-B3F7-B42924A78EF7}.Debug|Any CPU.ActiveCfg = Debug|Any CPU
		{116B41FD-FFBB-479E-B3F7-B42924A78EF7}.Debug|Any CPU.Build.0 = Debug|Any CPU
		{116B41FD-FFBB-479E-B3F7-B42924A78EF7}.Dev|Any CPU.ActiveCfg = Dev|Any CPU
		{116B41FD-FFBB-479E-B3F7-B42924A78EF7}.Dev|Any CPU.Build.0 = Dev|Any CPU
		{116B41FD-FFBB-479E-B3F7-B42924A78EF7}.Qa|Any CPU.ActiveCfg = Qa|Any CPU
		{116B41FD-FFBB-479E-B3F7-B42924A78EF7}.Qa|Any CPU.Build.0 = Qa|Any CPU
		{116B41FD-FFBB-479E-B3F7-B42924A78EF7}.Release|Any CPU.ActiveCfg = Release|Any CPU
		{116B41FD-FFBB-479E-B3F7-B42924A78EF7}.Release|Any CPU.Build.0 = Release|Any CPU
		{116B41FD-FFBB-479E-B3F7-B42924A78EF7}.Uat|Any CPU.ActiveCfg = Uat|Any CPU
		{116B41FD-FFBB-479E-B3F7-B42924A78EF7}.Uat|Any CPU.Build.0 = Uat|Any CPU
		{853F8A99-52CA-4AAC-A551-02C5EB777684}.Debug|Any CPU.ActiveCfg = Debug|Any CPU
		{853F8A99-52CA-4AAC-A551-02C5EB777684}.Debug|Any CPU.Build.0 = Debug|Any CPU
		{853F8A99-52CA-4AAC-A551-02C5EB777684}.Dev|Any CPU.ActiveCfg = Dev|Any CPU
		{853F8A99-52CA-4AAC-A551-02C5EB777684}.Dev|Any CPU.Build.0 = Dev|Any CPU
		{853F8A99-52CA-4AAC-A551-02C5EB777684}.Qa|Any CPU.ActiveCfg = Qa|Any CPU
		{853F8A99-52CA-4AAC-A551-02C5EB777684}.Qa|Any CPU.Build.0 = Qa|Any CPU
		{853F8A99-52CA-4AAC-A551-02C5EB777684}.Release|Any CPU.ActiveCfg = Release|Any CPU
		{853F8A99-52CA-4AAC-A551-02C5EB777684}.Release|Any CPU.Build.0 = Release|Any CPU
		{853F8A99-52CA-4AAC-A551-02C5EB777684}.Uat|Any CPU.ActiveCfg = Uat|Any CPU
		{853F8A99-52CA-4AAC-A551-02C5EB777684}.Uat|Any CPU.Build.0 = Uat|Any CPU
		{38E968A4-0C97-41BE-A261-3B217EC2C39D}.Debug|Any CPU.ActiveCfg = Debug|Any CPU
		{38E968A4-0C97-41BE-A261-3B217EC2C39D}.Debug|Any CPU.Build.0 = Debug|Any CPU
		{38E968A4-0C97-41BE-A261-3B217EC2C39D}.Dev|Any CPU.ActiveCfg = Dev|Any CPU
		{38E968A4-0C97-41BE-A261-3B217EC2C39D}.Dev|Any CPU.Build.0 = Dev|Any CPU
		{38E968A4-0C97-41BE-A261-3B217EC2C39D}.Qa|Any CPU.ActiveCfg = Qa|Any CPU
		{38E968A4-0C97-41BE-A261-3B217EC2C39D}.Qa|Any CPU.Build.0 = Qa|Any CPU
		{38E968A4-0C97-41BE-A261-3B217EC2C39D}.Release|Any CPU.ActiveCfg = Release|Any CPU
		{38E968A4-0C97-41BE-A261-3B217EC2C39D}.Release|Any CPU.Build.0 = Release|Any CPU
		{38E968A4-0C97-41BE-A261-3B217EC2C39D}.Uat|Any CPU.ActiveCfg = Uat|Any CPU
		{38E968A4-0C97-41BE-A261-3B217EC2C39D}.Uat|Any CPU.Build.0 = Uat|Any CPU
		{AAE024A4-282F-45A2-9508-661C68BBDE0A}.Debug|Any CPU.ActiveCfg = Debug|Any CPU
		{AAE024A4-282F-45A2-9508-661C68BBDE0A}.Debug|Any CPU.Build.0 = Debug|Any CPU
		{AAE024A4-282F-45A2-9508-661C68BBDE0A}.Dev|Any CPU.ActiveCfg = Dev|Any CPU
		{AAE024A4-282F-45A2-9508-661C68BBDE0A}.Dev|Any CPU.Build.0 = Dev|Any CPU
		{AAE024A4-282F-45A2-9508-661C68BBDE0A}.Qa|Any CPU.ActiveCfg = Qa|Any CPU
		{AAE024A4-282F-45A2-9508-661C68BBDE0A}.Qa|Any CPU.Build.0 = Qa|Any CPU
		{AAE024A4-282F-45A2-9508-661C68BBDE0A}.Release|Any CPU.ActiveCfg = Release|Any CPU
		{AAE024A4-282F-45A2-9508-661C68BBDE0A}.Release|Any CPU.Build.0 = Release|Any CPU
		{AAE024A4-282F-45A2-9508-661C68BBDE0A}.Uat|Any CPU.ActiveCfg = Uat|Any CPU
		{AAE024A4-282F-45A2-9508-661C68BBDE0A}.Uat|Any CPU.Build.0 = Uat|Any CPU
		{D8B4ED5B-F8D4-4552-A88E-86EE24657DD7}.Debug|Any CPU.ActiveCfg = Debug|Any CPU
		{D8B4ED5B-F8D4-4552-A88E-86EE24657DD7}.Debug|Any CPU.Build.0 = Debug|Any CPU
		{D8B4ED5B-F8D4-4552-A88E-86EE24657DD7}.Dev|Any CPU.ActiveCfg = Dev|Any CPU
		{D8B4ED5B-F8D4-4552-A88E-86EE24657DD7}.Dev|Any CPU.Build.0 = Dev|Any CPU
		{D8B4ED5B-F8D4-4552-A88E-86EE24657DD7}.Qa|Any CPU.ActiveCfg = Qa|Any CPU
		{D8B4ED5B-F8D4-4552-A88E-86EE24657DD7}.Qa|Any CPU.Build.0 = Qa|Any CPU
		{D8B4ED5B-F8D4-4552-A88E-86EE24657DD7}.Release|Any CPU.ActiveCfg = Release|Any CPU
		{D8B4ED5B-F8D4-4552-A88E-86EE24657DD7}.Release|Any CPU.Build.0 = Release|Any CPU
		{D8B4ED5B-F8D4-4552-A88E-86EE24657DD7}.Uat|Any CPU.ActiveCfg = Uat|Any CPU
		{D8B4ED5B-F8D4-4552-A88E-86EE24657DD7}.Uat|Any CPU.Build.0 = Uat|Any CPU
		{C0920517-6356-4D25-BCB3-DDB52D8F4FC6}.Debug|Any CPU.ActiveCfg = Debug|Any CPU
		{C0920517-6356-4D25-BCB3-DDB52D8F4FC6}.Debug|Any CPU.Build.0 = Debug|Any CPU
		{C0920517-6356-4D25-BCB3-DDB52D8F4FC6}.Dev|Any CPU.ActiveCfg = Dev|Any CPU
		{C0920517-6356-4D25-BCB3-DDB52D8F4FC6}.Dev|Any CPU.Build.0 = Dev|Any CPU
		{C0920517-6356-4D25-BCB3-DDB52D8F4FC6}.Qa|Any CPU.ActiveCfg = Qa|Any CPU
		{C0920517-6356-4D25-BCB3-DDB52D8F4FC6}.Qa|Any CPU.Build.0 = Qa|Any CPU
		{C0920517-6356-4D25-BCB3-DDB52D8F4FC6}.Release|Any CPU.ActiveCfg = Release|Any CPU
		{C0920517-6356-4D25-BCB3-DDB52D8F4FC6}.Release|Any CPU.Build.0 = Release|Any CPU
		{C0920517-6356-4D25-BCB3-DDB52D8F4FC6}.Uat|Any CPU.ActiveCfg = Uat|Any CPU
		{C0920517-6356-4D25-BCB3-DDB52D8F4FC6}.Uat|Any CPU.Build.0 = Uat|Any CPU
		{F07A85A5-8D44-4C8C-A45D-97347062BAF8}.Debug|Any CPU.ActiveCfg = Debug|Any CPU
		{F07A85A5-8D44-4C8C-A45D-97347062BAF8}.Debug|Any CPU.Build.0 = Debug|Any CPU
		{F07A85A5-8D44-4C8C-A45D-97347062BAF8}.Dev|Any CPU.ActiveCfg = Dev|Any CPU
		{F07A85A5-8D44-4C8C-A45D-97347062BAF8}.Dev|Any CPU.Build.0 = Dev|Any CPU
		{F07A85A5-8D44-4C8C-A45D-97347062BAF8}.Qa|Any CPU.ActiveCfg = Qa|Any CPU
		{F07A85A5-8D44-4C8C-A45D-97347062BAF8}.Qa|Any CPU.Build.0 = Qa|Any CPU
		{F07A85A5-8D44-4C8C-A45D-97347062BAF8}.Release|Any CPU.ActiveCfg = Release|Any CPU
		{F07A85A5-8D44-4C8C-A45D-97347062BAF8}.Release|Any CPU.Build.0 = Release|Any CPU
		{F07A85A5-8D44-4C8C-A45D-97347062BAF8}.Uat|Any CPU.ActiveCfg = Uat|Any CPU
		{F07A85A5-8D44-4C8C-A45D-97347062BAF8}.Uat|Any CPU.Build.0 = Uat|Any CPU
		{86A3C247-F967-4EEE-9B9F-78BD1A59AEA6}.Debug|Any CPU.ActiveCfg = Debug|Any CPU
		{86A3C247-F967-4EEE-9B9F-78BD1A59AEA6}.Debug|Any CPU.Build.0 = Debug|Any CPU
		{86A3C247-F967-4EEE-9B9F-78BD1A59AEA6}.Dev|Any CPU.ActiveCfg = Dev|Any CPU
		{86A3C247-F967-4EEE-9B9F-78BD1A59AEA6}.Dev|Any CPU.Build.0 = Dev|Any CPU
		{86A3C247-F967-4EEE-9B9F-78BD1A59AEA6}.Qa|Any CPU.ActiveCfg = Qa|Any CPU
		{86A3C247-F967-4EEE-9B9F-78BD1A59AEA6}.Qa|Any CPU.Build.0 = Qa|Any CPU
		{86A3C247-F967-4EEE-9B9F-78BD1A59AEA6}.Release|Any CPU.ActiveCfg = Release|Any CPU
		{86A3C247-F967-4EEE-9B9F-78BD1A59AEA6}.Release|Any CPU.Build.0 = Release|Any CPU
		{86A3C247-F967-4EEE-9B9F-78BD1A59AEA6}.Uat|Any CPU.ActiveCfg = Uat|Any CPU
		{86A3C247-F967-4EEE-9B9F-78BD1A59AEA6}.Uat|Any CPU.Build.0 = Uat|Any CPU
		{BDB6BCF8-E97A-433A-9D7F-062B378A18E6}.Debug|Any CPU.ActiveCfg = Debug|Any CPU
		{BDB6BCF8-E97A-433A-9D7F-062B378A18E6}.Debug|Any CPU.Build.0 = Debug|Any CPU
		{BDB6BCF8-E97A-433A-9D7F-062B378A18E6}.Dev|Any CPU.ActiveCfg = Dev|Any CPU
		{BDB6BCF8-E97A-433A-9D7F-062B378A18E6}.Dev|Any CPU.Build.0 = Dev|Any CPU
		{BDB6BCF8-E97A-433A-9D7F-062B378A18E6}.Qa|Any CPU.ActiveCfg = Qa|Any CPU
		{BDB6BCF8-E97A-433A-9D7F-062B378A18E6}.Qa|Any CPU.Build.0 = Qa|Any CPU
		{BDB6BCF8-E97A-433A-9D7F-062B378A18E6}.Release|Any CPU.ActiveCfg = Release|Any CPU
		{BDB6BCF8-E97A-433A-9D7F-062B378A18E6}.Release|Any CPU.Build.0 = Release|Any CPU
		{BDB6BCF8-E97A-433A-9D7F-062B378A18E6}.Uat|Any CPU.ActiveCfg = Uat|Any CPU
		{BDB6BCF8-E97A-433A-9D7F-062B378A18E6}.Uat|Any CPU.Build.0 = Uat|Any CPU
		{AD324B03-D929-4FDA-9247-B9CD1214D6F3}.Debug|Any CPU.ActiveCfg = Debug|Any CPU
		{AD324B03-D929-4FDA-9247-B9CD1214D6F3}.Debug|Any CPU.Build.0 = Debug|Any CPU
		{AD324B03-D929-4FDA-9247-B9CD1214D6F3}.Dev|Any CPU.ActiveCfg = Dev|Any CPU
		{AD324B03-D929-4FDA-9247-B9CD1214D6F3}.Dev|Any CPU.Build.0 = Dev|Any CPU
		{AD324B03-D929-4FDA-9247-B9CD1214D6F3}.Qa|Any CPU.ActiveCfg = Qa|Any CPU
		{AD324B03-D929-4FDA-9247-B9CD1214D6F3}.Qa|Any CPU.Build.0 = Qa|Any CPU
		{AD324B03-D929-4FDA-9247-B9CD1214D6F3}.Release|Any CPU.ActiveCfg = Release|Any CPU
		{AD324B03-D929-4FDA-9247-B9CD1214D6F3}.Release|Any CPU.Build.0 = Release|Any CPU
		{AD324B03-D929-4FDA-9247-B9CD1214D6F3}.Uat|Any CPU.ActiveCfg = Uat|Any CPU
		{AD324B03-D929-4FDA-9247-B9CD1214D6F3}.Uat|Any CPU.Build.0 = Uat|Any CPU
		{061C5F74-8AFB-4DBD-A4D7-76FE785A504C}.Debug|Any CPU.ActiveCfg = Debug|Any CPU
		{061C5F74-8AFB-4DBD-A4D7-76FE785A504C}.Debug|Any CPU.Build.0 = Debug|Any CPU
		{061C5F74-8AFB-4DBD-A4D7-76FE785A504C}.Dev|Any CPU.ActiveCfg = Dev|Any CPU
		{061C5F74-8AFB-4DBD-A4D7-76FE785A504C}.Dev|Any CPU.Build.0 = Dev|Any CPU
		{061C5F74-8AFB-4DBD-A4D7-76FE785A504C}.Qa|Any CPU.ActiveCfg = Qa|Any CPU
		{061C5F74-8AFB-4DBD-A4D7-76FE785A504C}.Qa|Any CPU.Build.0 = Qa|Any CPU
		{061C5F74-8AFB-4DBD-A4D7-76FE785A504C}.Release|Any CPU.ActiveCfg = Release|Any CPU
		{061C5F74-8AFB-4DBD-A4D7-76FE785A504C}.Release|Any CPU.Build.0 = Release|Any CPU
		{061C5F74-8AFB-4DBD-A4D7-76FE785A504C}.Uat|Any CPU.ActiveCfg = Uat|Any CPU
		{061C5F74-8AFB-4DBD-A4D7-76FE785A504C}.Uat|Any CPU.Build.0 = Uat|Any CPU
		{D990DB66-A362-4F49-A94B-2ABD99E51B06}.Debug|Any CPU.ActiveCfg = Debug|Any CPU
		{D990DB66-A362-4F49-A94B-2ABD99E51B06}.Debug|Any CPU.Build.0 = Debug|Any CPU
		{D990DB66-A362-4F49-A94B-2ABD99E51B06}.Dev|Any CPU.ActiveCfg = Dev|Any CPU
		{D990DB66-A362-4F49-A94B-2ABD99E51B06}.Dev|Any CPU.Build.0 = Dev|Any CPU
		{D990DB66-A362-4F49-A94B-2ABD99E51B06}.Qa|Any CPU.ActiveCfg = Qa|Any CPU
		{D990DB66-A362-4F49-A94B-2ABD99E51B06}.Qa|Any CPU.Build.0 = Qa|Any CPU
		{D990DB66-A362-4F49-A94B-2ABD99E51B06}.Release|Any CPU.ActiveCfg = Release|Any CPU
		{D990DB66-A362-4F49-A94B-2ABD99E51B06}.Release|Any CPU.Build.0 = Release|Any CPU
		{D990DB66-A362-4F49-A94B-2ABD99E51B06}.Uat|Any CPU.ActiveCfg = Uat|Any CPU
		{D990DB66-A362-4F49-A94B-2ABD99E51B06}.Uat|Any CPU.Build.0 = Uat|Any CPU
		{F5D2ADA4-E1BF-4F4C-8C14-FDBE786699FD}.Debug|Any CPU.ActiveCfg = Debug|Any CPU
		{F5D2ADA4-E1BF-4F4C-8C14-FDBE786699FD}.Debug|Any CPU.Build.0 = Debug|Any CPU
		{F5D2ADA4-E1BF-4F4C-8C14-FDBE786699FD}.Dev|Any CPU.ActiveCfg = Dev|Any CPU
		{F5D2ADA4-E1BF-4F4C-8C14-FDBE786699FD}.Dev|Any CPU.Build.0 = Dev|Any CPU
		{F5D2ADA4-E1BF-4F4C-8C14-FDBE786699FD}.Qa|Any CPU.ActiveCfg = Qa|Any CPU
		{F5D2ADA4-E1BF-4F4C-8C14-FDBE786699FD}.Qa|Any CPU.Build.0 = Qa|Any CPU
		{F5D2ADA4-E1BF-4F4C-8C14-FDBE786699FD}.Release|Any CPU.ActiveCfg = Release|Any CPU
		{F5D2ADA4-E1BF-4F4C-8C14-FDBE786699FD}.Release|Any CPU.Build.0 = Release|Any CPU
		{F5D2ADA4-E1BF-4F4C-8C14-FDBE786699FD}.Uat|Any CPU.ActiveCfg = Uat|Any CPU
		{F5D2ADA4-E1BF-4F4C-8C14-FDBE786699FD}.Uat|Any CPU.Build.0 = Uat|Any CPU
	EndGlobalSection
	GlobalSection(SolutionProperties) = preSolution
		HideSolutionNode = FALSE
	EndGlobalSection
	GlobalSection(NestedProjects) = preSolution
		{66CCF9E0-A8E9-4F48-A9DB-215D4DCFA457} = {26D6C647-3E0F-4599-822F-DE6552C6F91F}
		{AAB4F8B0-FD59-497C-8975-023B5AA744FF} = {9126ABC0-3B44-4620-90A5-FA907D3D7FDA}
		{9D4EE0AF-316D-4E28-BFB9-7E9D10566AB2} = {E27611A4-96BF-40F6-B412-CC973BA920A5}
		{116B41FD-FFBB-479E-B3F7-B42924A78EF7} = {4C9D536C-135D-4CCF-ACC0-91D54C17D328}
		{853F8A99-52CA-4AAC-A551-02C5EB777684} = {26D6C647-3E0F-4599-822F-DE6552C6F91F}
		{38E968A4-0C97-41BE-A261-3B217EC2C39D} = {4C9D536C-135D-4CCF-ACC0-91D54C17D328}
		{3581C245-A849-4A62-86F7-B51BAD6E0960} = {C1E4B71D-52F5-4681-AAEA-4AC8B91760DC}
		{AAE024A4-282F-45A2-9508-661C68BBDE0A} = {3581C245-A849-4A62-86F7-B51BAD6E0960}
		{D8B4ED5B-F8D4-4552-A88E-86EE24657DD7} = {E27611A4-96BF-40F6-B412-CC973BA920A5}
		{C0920517-6356-4D25-BCB3-DDB52D8F4FC6} = {E27611A4-96BF-40F6-B412-CC973BA920A5}
		{F07A85A5-8D44-4C8C-A45D-97347062BAF8} = {9126ABC0-3B44-4620-90A5-FA907D3D7FDA}
		{86A3C247-F967-4EEE-9B9F-78BD1A59AEA6} = {E27611A4-96BF-40F6-B412-CC973BA920A5}
		{BDB6BCF8-E97A-433A-9D7F-062B378A18E6} = {E27611A4-96BF-40F6-B412-CC973BA920A5}
		{AD324B03-D929-4FDA-9247-B9CD1214D6F3} = {ACC3F0FD-4787-4E96-87B1-624247360538}
		{061C5F74-8AFB-4DBD-A4D7-76FE785A504C} = {24AC7A68-D5E9-418D-929A-57001C90E8E8}
		{D990DB66-A362-4F49-A94B-2ABD99E51B06} = {9126ABC0-3B44-4620-90A5-FA907D3D7FDA}
		{F5D2ADA4-E1BF-4F4C-8C14-FDBE786699FD} = {E27611A4-96BF-40F6-B412-CC973BA920A5}
	EndGlobalSection
EndGlobal
